
Microsoft Visual Studio Solution File, Format Version 12.00
# Visual Studio 15
Project("{FAE04EC0-301F-11D3-BF4B-00C04F79EFBC}") = "leave-management", "leave-management\leave-management.csproj", "{E9ED5AAF-69FA-45E0-AC6D-67065A83D271}"
EndProject
Global
	GlobalSection(SolutionConfigurationPlatforms) = preSolution
		Debug|Any CPU = Debug|Any CPU
		Release|Any CPU = Release|Any CPU
	EndGlobalSection
	GlobalSection(ProjectConfigurationPlatforms) = postSolution
		{E9ED5AAF-69FA-45E0-AC6D-67065A83D271}.Debug|Any CPU.ActiveCfg = Debug|Any CPU
		{E9ED5AAF-69FA-45E0-AC6D-67065A83D271}.Debug|Any CPU.Build.0 = Debug|Any CPU
		{E9ED5AAF-69FA-45E0-AC6D-67065A83D271}.Release|Any CPU.ActiveCfg = Release|Any CPU
		{E9ED5AAF-69FA-45E0-AC6D-67065A83D271}.Release|Any CPU.Build.0 = Release|Any CPU
	EndGlobalSection
EndGlobal
